
Microsoft Visual Studio Solution File, Format Version 12.00
# Visual Studio Version 17
VisualStudioVersion = 17.14.36915.13 d17.14
MinimumVisualStudioVersion = 10.0.40219.1
Project("{FAE04EC0-301F-11D3-BF4B-00C04F79EFBC}") = "Form 2.1", "Form 2.1.csproj", "{B7581493-FB83-452B-A196-5BA6C3AB2DFA}"
EndProject
Global
	GlobalSection(SolutionConfigurationPlatforms) = preSolution
		Debug|Any CPU = Debug|Any CPU
		Release|Any CPU = Release|Any CPU
	EndGlobalSection
	GlobalSection(ProjectConfigurationPlatforms) = postSolution
		{B7581493-FB83-452B-A196-5BA6C3AB2DFA}.Debug|Any CPU.ActiveCfg = Debug|Any CPU
		{B7581493-FB83-452B-A196-5BA6C3AB2DFA}.Debug|Any CPU.Build.0 = Debug|Any CPU
		{B7581493-FB83-452B-A196-5BA6C3AB2DFA}.Release|Any CPU.ActiveCfg = Release|Any CPU
		{B7581493-FB83-452B-A196-5BA6C3AB2DFA}.Release|Any CPU.Build.0 = Release|Any CPU
	EndGlobalSection
	GlobalSection(SolutionProperties) = preSolution
		HideSolutionNode = FALSE
	EndGlobalSection
	GlobalSection(ExtensibilityGlobals) = postSolution
		SolutionGuid = {60492A2A-D263-44A3-B961-CD9319805B15}
	EndGlobalSection
EndGlobal
